// !$*UTF8*$!
{
	archiveVersion = 1;
	classes = {
	};
	objectVersion = 46;
	objects = {

/* Begin PBXBuildFile section */
		D20DDC8718CA555600FB01BA /* AddToDoItemViewController.m in Sources */ = {isa = PBXBuildFile; fileRef = D20DDC8618CA555600FB01BA /* AddToDoItemViewController.m */; };
		D20DDC8A18CA55D200FB01BA /* ToDoListViewController.m in Sources */ = {isa = PBXBuildFile; fileRef = D20DDC8918CA55D200FB01BA /* ToDoListViewController.m */; };
		D262A42418C9502600F9D115 /* Foundation.framework in Frameworks */ = {isa = PBXBuildFile; fileRef = D262A42318C9502600F9D115 /* Foundation.framework */; };
		D262A42618C9502600F9D115 /* CoreGraphics.framework in Frameworks */ = {isa = PBXBuildFile; fileRef = D262A42518C9502600F9D115 /* CoreGraphics.framework */; };
		D262A42818C9502600F9D115 /* UIKit.framework in Frameworks */ = {isa = PBXBuildFile; fileRef = D262A42718C9502600F9D115 /* UIKit.framework */; };
		D262A42E18C9502600F9D115 /* InfoPlist.strings in Resources */ = {isa = PBXBuildFile; fileRef = D262A42C18C9502600F9D115 /* InfoPlist.strings */; };
		D262A43018C9502600F9D115 /* main.m in Sources */ = {isa = PBXBuildFile; fileRef = D262A42F18C9502600F9D115 /* main.m */; };
		D262A43418C9502600F9D115 /* AppDelegate.m in Sources */ = {isa = PBXBuildFile; fileRef = D262A43318C9502600F9D115 /* AppDelegate.m */; };
		D262A43618C9502600F9D115 /* Images.xcassets in Resources */ = {isa = PBXBuildFile; fileRef = D262A43518C9502600F9D115 /* Images.xcassets */; };
		D262A43D18C9502600F9D115 /* XCTest.framework in Frameworks */ = {isa = PBXBuildFile; fileRef = D262A43C18C9502600F9D115 /* XCTest.framework */; };
		D262A43E18C9502600F9D115 /* Foundation.framework in Frameworks */ = {isa = PBXBuildFile; fileRef = D262A42318C9502600F9D115 /* Foundation.framework */; };
		D262A43F18C9502600F9D115 /* UIKit.framework in Frameworks */ = {isa = PBXBuildFile; fileRef = D262A42718C9502600F9D115 /* UIKit.framework */; };
		D262A44718C9502600F9D115 /* InfoPlist.strings in Resources */ = {isa = PBXBuildFile; fileRef = D262A44518C9502600F9D115 /* InfoPlist.strings */; };
		D262A44918C9502600F9D115 /* ToDoListTests.m in Sources */ = {isa = PBXBuildFile; fileRef = D262A44818C9502600F9D115 /* ToDoListTests.m */; };
		D262A45318C952A000F9D115 /* Main.storyboard in Resources */ = {isa = PBXBuildFile; fileRef = D262A45218C952A000F9D115 /* Main.storyboard */; };
		D2C77A0318CD19F70066AADC /* ToDoItem.m in Sources */ = {isa = PBXBuildFile; fileRef = D2C77A0218CD19F70066AADC /* ToDoItem.m */; };
/* End PBXBuildFile section */

/* Begin PBXContainerItemProxy section */
		D262A44018C9502600F9D115 /* PBXContainerItemProxy */ = {
			isa = PBXContainerItemProxy;
			containerPortal = D262A41818C9502600F9D115 /* Project object */;
			proxyType = 1;
			remoteGlobalIDString = D262A41F18C9502600F9D115;
			remoteInfo = ToDoList;
		};
/* End PBXContainerItemProxy section */

/* Begin PBXFileReference section */
		D20DDC8518CA555600FB01BA /* AddToDoItemViewController.h */ = {isa = PBXFileReference; fileEncoding = 4; lastKnownFileType = sourcecode.c.h; name = AddToDoItemViewController.h; path = ../AddToDoItemViewController.h; sourceTree = "<group>"; };
		D20DDC8618CA555600FB01BA /* AddToDoItemViewController.m */ = {isa = PBXFileReference; fileEncoding = 4; lastKnownFileType = sourcecode.c.objc; name = AddToDoItemViewController.m; path = ../AddToDoItemViewController.m; sourceTree = "<group>"; };
		D20DDC8818CA55D200FB01BA /* ToDoListViewController.h */ = {isa = PBXFileReference; fileEncoding = 4; lastKnownFileType = sourcecode.c.h; path = ToDoListViewController.h; sourceTree = "<group>"; };
		D20DDC8918CA55D200FB01BA /* ToDoListViewController.m */ = {isa = PBXFileReference; fileEncoding = 4; lastKnownFileType = sourcecode.c.objc; path = ToDoListViewController.m; sourceTree = "<group>"; };
		D262A42018C9502600F9D115 /* ToDoList.app */ = {isa = PBXFileReference; explicitFileType = wrapper.application; includeInIndex = 0; path = ToDoList.app; sourceTree = BUILT_PRODUCTS_DIR; };
		D262A42318C9502600F9D115 /* Foundation.framework */ = {isa = PBXFileReference; lastKnownFileType = wrapper.framework; name = Foundation.framework; path = System/Library/Frameworks/Foundation.framework; sourceTree = SDKROOT; };
		D262A42518C9502600F9D115 /* CoreGraphics.framework */ = {isa = PBXFileReference; lastKnownFileType = wrapper.framework; name = CoreGraphics.framework; path = System/Library/Frameworks/CoreGraphics.framework; sourceTree = SDKROOT; };
		D262A42718C9502600F9D115 /* UIKit.framework */ = {isa = PBXFileReference; lastKnownFileType = wrapper.framework; name = UIKit.framework; path = System/Library/Frameworks/UIKit.framework; sourceTree = SDKROOT; };
		D262A42B18C9502600F9D115 /* ToDoList-Info.plist */ = {isa = PBXFileReference; lastKnownFileType = text.plist.xml; path = "ToDoList-Info.plist"; sourceTree = "<group>"; };
		D262A42D18C9502600F9D115 /* en */ = {isa = PBXFileReference; lastKnownFileType = text.plist.strings; name = en; path = en.lproj/InfoPlist.strings; sourceTree = "<group>"; };
		D262A42F18C9502600F9D115 /* main.m */ = {isa = PBXFileReference; lastKnownFileType = sourcecode.c.objc; path = main.m; sourceTree = "<group>"; };
		D262A43118C9502600F9D115 /* ToDoList-Prefix.pch */ = {isa = PBXFileReference; lastKnownFileType = sourcecode.c.h; path = "ToDoList-Prefix.pch"; sourceTree = "<group>"; };
		D262A43218C9502600F9D115 /* AppDelegate.h */ = {isa = PBXFileReference; lastKnownFileType = sourcecode.c.h; path = AppDelegate.h; sourceTree = "<group>"; };
		D262A43318C9502600F9D115 /* AppDelegate.m */ = {isa = PBXFileReference; lastKnownFileType = sourcecode.c.objc; path = AppDelegate.m; sourceTree = "<group>"; };
		D262A43518C9502600F9D115 /* Images.xcassets */ = {isa = PBXFileReference; lastKnownFileType = folder.assetcatalog; path = Images.xcassets; sourceTree = "<group>"; };
		D262A43B18C9502600F9D115 /* ToDoListTests.xctest */ = {isa = PBXFileReference; explicitFileType = wrapper.cfbundle; includeInIndex = 0; path = ToDoListTests.xctest; sourceTree = BUILT_PRODUCTS_DIR; };
		D262A43C18C9502600F9D115 /* XCTest.framework */ = {isa = PBXFileReference; lastKnownFileType = wrapper.framework; name = XCTest.framework; path = Library/Frameworks/XCTest.framework; sourceTree = DEVELOPER_DIR; };
		D262A44418C9502600F9D115 /* ToDoListTests-Info.plist */ = {isa = PBXFileReference; lastKnownFileType = text.plist.xml; path = "ToDoListTests-Info.plist"; sourceTree = "<group>"; };
		D262A44618C9502600F9D115 /* en */ = {isa = PBXFileReference; lastKnownFileType = text.plist.strings; name = en; path = en.lproj/InfoPlist.strings; sourceTree = "<group>"; };
		D262A44818C9502600F9D115 /* ToDoListTests.m */ = {isa = PBXFileReference; lastKnownFileType = sourcecode.c.objc; path = ToDoListTests.m; sourceTree = "<group>"; };
		D262A45218C952A000F9D115 /* Main.storyboard */ = {isa = PBXFileReference; fileEncoding = 4; lastKnownFileType = file.storyboard; path = Main.storyboard; sourceTree = "<group>"; };
		D2C77A0118CD19F70066AADC /* ToDoItem.h */ = {isa = PBXFileReference; fileEncoding = 4; lastKnownFileType = sourcecode.c.h; path = ToDoItem.h; sourceTree = "<group>"; };
		D2C77A0218CD19F70066AADC /* ToDoItem.m */ = {isa = PBXFileReference; fileEncoding = 4; lastKnownFileType = sourcecode.c.objc; path = ToDoItem.m; sourceTree = "<group>"; };
/* End PBXFileReference section */

/* Begin PBXFrameworksBuildPhase section */
		D262A41D18C9502600F9D115 /* Frameworks */ = {
			isa = PBXFrameworksBuildPhase;
			buildActionMask = 2147483647;
			files = (
				D262A42618C9502600F9D115 /* CoreGraphics.framework in Frameworks */,
				D262A42818C9502600F9D115 /* UIKit.framework in Frameworks */,
				D262A42418C9502600F9D115 /* Foundation.framework in Frameworks */,
			);
			runOnlyForDeploymentPostprocessing = 0;
		};
		D262A43818C9502600F9D115 /* Frameworks */ = {
			isa = PBXFrameworksBuildPhase;
			buildActionMask = 2147483647;
			files = (
				D262A43D18C9502600F9D115 /* XCTest.framework in Frameworks */,
				D262A43F18C9502600F9D115 /* UIKit.framework in Frameworks */,
				D262A43E18C9502600F9D115 /* Foundation.framework in Frameworks */,
			);
			runOnlyForDeploymentPostprocessing = 0;
		};
/* End PBXFrameworksBuildPhase section */

/* Begin PBXGroup section */
		D262A41718C9502600F9D115 = {
			isa = PBXGroup;
			children = (
				D262A42918C9502600F9D115 /* ToDoList */,
				D262A44218C9502600F9D115 /* ToDoListTests */,
				D262A42218C9502600F9D115 /* Frameworks */,
				D262A42118C9502600F9D115 /* Products */,
			);
			sourceTree = "<group>";
		};
		D262A42118C9502600F9D115 /* Products */ = {
			isa = PBXGroup;
			children = (
				D262A42018C9502600F9D115 /* ToDoList.app */,
				D262A43B18C9502600F9D115 /* ToDoListTests.xctest */,
			);
			name = Products;
			sourceTree = "<group>";
		};
		D262A42218C9502600F9D115 /* Frameworks */ = {
			isa = PBXGroup;
			children = (
				D262A42318C9502600F9D115 /* Foundation.framework */,
				D262A42518C9502600F9D115 /* CoreGraphics.framework */,
				D262A42718C9502600F9D115 /* UIKit.framework */,
				D262A43C18C9502600F9D115 /* XCTest.framework */,
			);
			name = Frameworks;
			sourceTree = "<group>";
		};
		D262A42918C9502600F9D115 /* ToDoList */ = {
			isa = PBXGroup;
			children = (
				D2C77A0118CD19F70066AADC /* ToDoItem.h */,
				D2C77A0218CD19F70066AADC /* ToDoItem.m */,
				D20DDC8518CA555600FB01BA /* AddToDoItemViewController.h */,
				D20DDC8618CA555600FB01BA /* AddToDoItemViewController.m */,
				D262A43218C9502600F9D115 /* AppDelegate.h */,
				D262A43318C9502600F9D115 /* AppDelegate.m */,
				D262A45218C952A000F9D115 /* Main.storyboard */,
				D20DDC8818CA55D200FB01BA /* ToDoListViewController.h */,
				D20DDC8918CA55D200FB01BA /* ToDoListViewController.m */,
				D262A43518C9502600F9D115 /* Images.xcassets */,
				D262A42A18C9502600F9D115 /* Supporting Files */,
			);
			path = ToDoList;
			sourceTree = "<group>";
		};
		D262A42A18C9502600F9D115 /* Supporting Files */ = {
			isa = PBXGroup;
			children = (
				D262A42B18C9502600F9D115 /* ToDoList-Info.plist */,
				D262A42C18C9502600F9D115 /* InfoPlist.strings */,
				D262A42F18C9502600F9D115 /* main.m */,
				D262A43118C9502600F9D115 /* ToDoList-Prefix.pch */,
			);
			name = "Supporting Files";
			sourceTree = "<group>";
		};
		D262A44218C9502600F9D115 /* ToDoListTests */ = {
			isa = PBXGroup;
			children = (
				D262A44818C9502600F9D115 /* ToDoListTests.m */,
				D262A44318C9502600F9D115 /* Supporting Files */,
			);
			path = ToDoListTests;
			sourceTree = "<group>";
		};
		D262A44318C9502600F9D115 /* Supporting Files */ = {
			isa = PBXGroup;
			children = (
				D262A44418C9502600F9D115 /* ToDoListTests-Info.plist */,
				D262A44518C9502600F9D115 /* InfoPlist.strings */,
			);
			name = "Supporting Files";
			sourceTree = "<group>";
		};
/* End PBXGroup section */

/* Begin PBXNativeTarget section */
		D262A41F18C9502600F9D115 /* ToDoList */ = {
			isa = PBXNativeTarget;
			buildConfigurationList = D262A44C18C9502600F9D115 /* Build configuration list for PBXNativeTarget "ToDoList" */;
			buildPhases = (
				D262A41C18C9502600F9D115 /* Sources */,
				D262A41D18C9502600F9D115 /* Frameworks */,
				D262A41E18C9502600F9D115 /* Resources */,
			);
			buildRules = (
			);
			dependencies = (
			);
			name = ToDoList;
			productName = ToDoList;
			productReference = D262A42018C9502600F9D115 /* ToDoList.app */;
			productType = "com.apple.product-type.application";
		};
		D262A43A18C9502600F9D115 /* ToDoListTests */ = {
			isa = PBXNativeTarget;
			buildConfigurationList = D262A44F18C9502600F9D115 /* Build configuration list for PBXNativeTarget "ToDoListTests" */;
			buildPhases = (
				D262A43718C9502600F9D115 /* Sources */,
				D262A43818C9502600F9D115 /* Frameworks */,
				D262A43918C9502600F9D115 /* Resources */,
			);
			buildRules = (
			);
			dependencies = (
				D262A44118C9502600F9D115 /* PBXTargetDependency */,
			);
			name = ToDoListTests;
			productName = ToDoListTests;
			productReference = D262A43B18C9502600F9D115 /* ToDoListTests.xctest */;
			productType = "com.apple.product-type.bundle.unit-test";
		};
/* End PBXNativeTarget section */

/* Begin PBXProject section */
		D262A41818C9502600F9D115 /* Project object */ = {
			isa = PBXProject;
			attributes = {
				LastUpgradeCheck = 0500;
				ORGANIZATIONNAME = blackCloud;
				TargetAttributes = {
					D262A43A18C9502600F9D115 = {
						TestTargetID = D262A41F18C9502600F9D115;
					};
				};
			};
			buildConfigurationList = D262A41B18C9502600F9D115 /* Build configuration list for PBXProject "ToDoList" */;
			compatibilityVersion = "Xcode 3.2";
			developmentRegion = English;
			hasScannedForEncodings = 0;
			knownRegions = (
				en,
			);
			mainGroup = D262A41718C9502600F9D115;
			productRefGroup = D262A42118C9502600F9D115 /* Products */;
			projectDirPath = "";
			projectRoot = "";
			targets = (
				D262A41F18C9502600F9D115 /* ToDoList */,
				D262A43A18C9502600F9D115 /* ToDoListTests */,
			);
		};
/* End PBXProject section */

/* Begin PBXResourcesBuildPhase section */
		D262A41E18C9502600F9D115 /* Resources */ = {
			isa = PBXResourcesBuildPhase;
			buildActionMask = 2147483647;
			files = (
				D262A45318C952A000F9D115 /* Main.storyboard in Resources */,
				D262A42E18C9502600F9D115 /* InfoPlist.strings in Resources */,
				D262A43618C9502600F9D115 /* Images.xcassets in Resources */,
			);
			runOnlyForDeploymentPostprocessing = 0;
		};
		D262A43918C9502600F9D115 /* Resources */ = {
			isa = PBXResourcesBuildPhase;
			buildActionMask = 2147483647;
			files = (
				D262A44718C9502600F9D115 /* InfoPlist.strings in Resources */,
			);
			runOnlyForDeploymentPostprocessing = 0;
		};
/* End PBXResourcesBuildPhase section */

/* Begin PBXSourcesBuildPhase section */
		D262A41C18C9502600F9D115 /* Sources */ = {
			isa = PBXSourcesBuildPhase;
			buildActionMask = 2147483647;
			files = (
				D20DDC8A18CA55D200FB01BA /* ToDoListViewController.m in Sources */,
				D2C77A0318CD19F70066AADC /* ToDoItem.m in Sources */,
				D262A43418C9502600F9D115 /* AppDelegate.m in Sources */,
				D262A43018C9502600F9D115 /* main.m in Sources */,
				D20DDC8718CA555600FB01BA /* AddToDoItemViewController.m in Sources */,
			);
			runOnlyForDeploymentPostprocessing = 0;
		};
		D262A43718C9502600F9D115 /* Sources */ = {
			isa = PBXSourcesBuildPhase;
			buildActionMask = 2147483647;
			files = (
				D262A44918C9502600F9D115 /* ToDoListTests.m in Sources */,
			);
			runOnlyForDeploymentPostprocessing = 0;
		};
/* End PBXSourcesBuildPhase section */

/* Begin PBXTargetDependency section */
		D262A44118C9502600F9D115 /* PBXTargetDependency */ = {
			isa = PBXTargetDependency;
			target = D262A41F18C9502600F9D115 /* ToDoList */;
			targetProxy = D262A44018C9502600F9D115 /* PBXContainerItemProxy */;
		};
/* End PBXTargetDependency section */

/* Begin PBXVariantGroup section */
		D262A42C18C9502600F9D115 /* InfoPlist.strings */ = {
			isa = PBXVariantGroup;
			children = (
				D262A42D18C9502600F9D115 /* en */,
			);
			name = InfoPlist.strings;
			sourceTree = "<group>";
		};
		D262A44518C9502600F9D115 /* InfoPlist.strings */ = {
			isa = PBXVariantGroup;
			children = (
				D262A44618C9502600F9D115 /* en */,
			);
			name = InfoPlist.strings;
			sourceTree = "<group>";
		};
/* End PBXVariantGroup section */

/* Begin XCBuildConfiguration section */
		D262A44A18C9502600F9D115 /* Debug */ = {
			isa = XCBuildConfiguration;
			buildSettings = {
				ALWAYS_SEARCH_USER_PATHS = NO;
				ARCHS = "$(ARCHS_STANDARD_INCLUDING_64_BIT)";
				CLANG_CXX_LANGUAGE_STANDARD = "gnu++0x";
				CLANG_CXX_LIBRARY = "libc++";
				CLANG_ENABLE_MODULES = YES;
				CLANG_ENABLE_OBJC_ARC = YES;
				CLANG_WARN_BOOL_CONVERSION = YES;
				CLANG_WARN_CONSTANT_CONVERSION = YES;
				CLANG_WARN_DIRECT_OBJC_ISA_USAGE = YES_ERROR;
				CLANG_WARN_EMPTY_BODY = YES;
				CLANG_WARN_ENUM_CONVERSION = YES;
				CLANG_WARN_INT_CONVERSION = YES;
				CLANG_WARN_OBJC_ROOT_CLASS = YES_ERROR;
				CLANG_WARN__DUPLICATE_METHOD_MATCH = YES;
				"CODE_SIGN_IDENTITY[sdk=iphoneos*]" = "iPhone Developer";
				COPY_PHASE_STRIP = NO;
				GCC_C_LANGUAGE_STANDARD = gnu99;
				GCC_DYNAMIC_NO_PIC = NO;
				GCC_OPTIMIZATION_LEVEL = 0;
				GCC_PREPROCESSOR_DEFINITIONS = (
					"DEBUG=1",
					"$(inherited)",
				);
				GCC_SYMBOLS_PRIVATE_EXTERN = NO;
				GCC_WARN_64_TO_32_BIT_CONVERSION = YES;
				GCC_WARN_ABOUT_RETURN_TYPE = YES_ERROR;
				GCC_WARN_UNDECLARED_SELECTOR = YES;
				GCC_WARN_UNINITIALIZED_AUTOS = YES;
				GCC_WARN_UNUSED_FUNCTION = YES;
				GCC_WARN_UNUSED_VARIABLE = YES;
				IPHONEOS_DEPLOYMENT_TARGET = 7.0;
				ONLY_ACTIVE_ARCH = YES;
				SDKROOT = iphoneos;
				TARGETED_DEVICE_FAMILY = "1,2";
			};
			name = Debug;
		};
		D262A44B18C9502600F9D115 /* Release */ = {
			isa = XCBuildConfiguration;
			buildSettings = {
				ALWAYS_SEARCH_USER_PATHS = NO;
				ARCHS = "$(ARCHS_STANDARD_INCLUDING_64_BIT)";
				CLANG_CXX_LANGUAGE_STANDARD = "gnu++0x";
				CLANG_CXX_LIBRARY = "libc++";
				CLANG_ENABLE_MODULES = YES;
				CLANG_ENABLE_OBJC_ARC = YES;
				CLANG_WARN_BOOL_CONVERSION = YES;
				CLANG_WARN_CONSTANT_CONVERSION = YES;
				CLANG_WARN_DIRECT_OBJC_ISA_USAGE = YES_ERROR;
				CLANG_WARN_EMPTY_BODY = YES;
				CLANG_WARN_ENUM_CONVERSION = YES;
				CLANG_WARN_INT_CONVERSION = YES;
				CLANG_WARN_OBJC_ROOT_CLASS = YES_ERROR;
				CLANG_WARN__DUPLICATE_METHOD_MATCH = YES;
				"CODE_SIGN_IDENTITY[sdk=iphoneos*]" = "iPhone Developer";
				COPY_PHASE_STRIP = YES;
				ENABLE_NS_ASSERTIONS = NO;
				GCC_C_LANGUAGE_STANDARD = gnu99;
				GCC_WARN_64_TO_32_BIT_CONVERSION = YES;
				GCC_WARN_ABOUT_RETURN_TYPE = YES_ERROR;
				GCC_WARN_UNDECLARED_SELECTOR = YES;
				GCC_WARN_UNINITIALIZED_AUTOS = YES;
				GCC_WARN_UNUSED_FUNCTION = YES;
				GCC_WARN_UNUSED_VARIABLE = YES;
				IPHONEOS_DEPLOYMENT_TARGET = 7.0;
				SDKROOT = iphoneos;
				TARGETED_DEVICE_FAMILY = "1,2";
				VALIDATE_PRODUCT = YES;
			};
			name = Release;
		};
		D262A44D18C9502600F9D115 /* Debug */ = {
			isa = XCBuildConfiguration;
			buildSettings = {
				ASSETCATALOG_COMPILER_APPICON_NAME = AppIcon;
				ASSETCATALOG_COMPILER_LAUNCHIMAGE_NAME = LaunchImage;
				GCC_PRECOMPILE_PREFIX_HEADER = YES;
				GCC_PREFIX_HEADER = "ToDoList/ToDoList-Prefix.pch";
				INFOPLIST_FILE = "ToDoList/ToDoList-Info.plist";
				PRODUCT_NAME = "$(TARGET_NAME)";
				WRAPPER_EXTENSION = app;
			};
			name = Debug;
		};
		D262A44E18C9502600F9D115 /* Release */ = {
			isa = XCBuildConfiguration;
			buildSettings = {
				ASSETCATALOG_COMPILER_APPICON_NAME = AppIcon;
				ASSETCATALOG_COMPILER_LAUNCHIMAGE_NAME = LaunchImage;
				GCC_PRECOMPILE_PREFIX_HEADER = YES;
				GCC_PREFIX_HEADER = "ToDoList/ToDoList-Prefix.pch";
				INFOPLIST_FILE = "ToDoList/ToDoList-Info.plist";
				PRODUCT_NAME = "$(TARGET_NAME)";
				WRAPPER_EXTENSION = app;
			};
			name = Release;
		};
		D262A45018C9502600F9D115 /* Debug */ = {
			isa = XCBuildConfiguration;
			buildSettings = {
				ARCHS = "$(ARCHS_STANDARD_INCLUDING_64_BIT)";
				BUNDLE_LOADER = "$(BUILT_PRODUCTS_DIR)/ToDoList.app/ToDoList";
				FRAMEWORK_SEARCH_PATHS = (
					"$(SDKROOT)/Developer/Library/Frameworks",
					"$(inherited)",
					"$(DEVELOPER_FRAMEWORKS_DIR)",
				);
				GCC_PRECOMPILE_PREFIX_HEADER = YES;
				GCC_PREFIX_HEADER = "ToDoList/ToDoList-Prefix.pch";
				GCC_PREPROCESSOR_DEFINITIONS = (
					"DEBUG=1",
					"$(inherited)",
				);
				INFOPLIST_FILE = "ToDoListTests/ToDoListTests-Info.plist";
				PRODUCT_NAME = "$(TARGET_NAME)";
				TEST_HOST = "$(BUNDLE_LOADER)";
				WRAPPER_EXTENSION = xctest;
			};
			name = Debug;
		};
		D262A45118C9502600F9D115 /* Release */ = {
			isa = XCBuildConfiguration;
			buildSettings = {
				ARCHS = "$(ARCHS_STANDARD_INCLUDING_64_BIT)";
				BUNDLE_LOADER = "$(BUILT_PRODUCTS_DIR)/ToDoList.app/ToDoList";
				FRAMEWORK_SEARCH_PATHS = (
					"$(SDKROOT)/Developer/Library/Frameworks",
					"$(inherited)",
					"$(DEVELOPER_FRAMEWORKS_DIR)",
				);
				GCC_PRECOMPILE_PREFIX_HEADER = YES;
				GCC_PREFIX_HEADER = "ToDoList/ToDoList-Prefix.pch";
				INFOPLIST_FILE = "ToDoListTests/ToDoListTests-Info.plist";
				PRODUCT_NAME = "$(TARGET_NAME)";
				TEST_HOST = "$(BUNDLE_LOADER)";
				WRAPPER_EXTENSION = xctest;
			};
			name = Release;
		};
/* End XCBuildConfiguration section */

/* Begin XCConfigurationList section */
		D262A41B18C9502600F9D115 /* Build configuration list for PBXProject "ToDoList" */ = {
			isa = XCConfigurationList;
			buildConfigurations = (
				D262A44A18C9502600F9D115 /* Debug */,
				D262A44B18C9502600F9D115 /* Release */,
			);
			defaultConfigurationIsVisible = 0;
			defaultConfigurationName = Release;
		};
		D262A44C18C9502600F9D115 /* Build configuration list for PBXNativeTarget "ToDoList" */ = {
			isa = XCConfigurationList;
			buildConfigurations = (
				D262A44D18C9502600F9D115 /* Debug */,
				D262A44E18C9502600F9D115 /* Release */,
			);
			defaultConfigurationIsVisible = 0;
			defaultConfigurationName = Release;
		};
		D262A44F18C9502600F9D115 /* Build configuration list for PBXNativeTarget "ToDoListTests" */ = {
			isa = XCConfigurationList;
			buildConfigurations = (
				D262A45018C9502600F9D115 /* Debug */,
				D262A45118C9502600F9D115 /* Release */,
			);
			defaultConfigurationIsVisible = 0;
			defaultConfigurationName = Release;
		};
/* End XCConfigurationList section */
	};
	rootObject = D262A41818C9502600F9D115 /* Project object */;
}
